<?xml version="1.0" encoding="utf-8"?>
<Project ToolsVersion="4.0" xmlns="http://schemas.microsoft.com/developer/msbuild/2003">
  <ItemGroup>
    <Filter Include="Fichiers sources">
      <UniqueIdentifier>{4FC737F1-C7A5-4376-A066-2A32D752A2FF}</UniqueIdentifier>
      <Extensions>cpp;c;cc;cxx;def;odl;idl;hpj;bat;asm;asmx</Extensions>
    </Filter>
    <Filter Include="Fichiers d%27en-tête">
      <UniqueIdentifier>{93995380-89BD-4b04-88EB-625FBE52EBFB}</UniqueIdentifier>
      <Extensions>h;hh;hpp;hxx;hm;inl;inc;ipp;xsd</Extensions>
    </Filter>
    <Filter Include="Fichiers de ressources">
      <UniqueIdentifier>{67DA6AB6-F800-4c08-8B7A-83BB121AAD01}</UniqueIdentifier>
      <Extensions>rc;ico;cur;bmp;dlg;rc2;rct;bin;rgs;gif;jpg;jpeg;jpe;resx;tiff;tif;png;wav;mfcribbon-ms</Extensions>
    </Filter>
  </ItemGroup>
  <ItemGroup>
    <ClCompile Include="src\characters\cha\cha_create_sprite.c">
      <Filter>Fichiers sources</Filter>
    </ClCompile>
    <ClCompile Include="src\characters\cha\cha_display.c">
      <Filter>Fichiers sources</Filter>
    </ClCompile>
    <ClCompile Include="src\characters\cha\cha_rect.c">
      <Filter>Fichiers sources</Filter>
    </ClCompile>
    <ClCompile Include="src\characters\cha\cha_sprite_gestion.c">
      <Filter>Fichiers sources</Filter>
    </ClCompile>
    <ClCompile Include="src\characters\cha\cha_sprite_rect.c">
      <Filter>Fichiers sources</Filter>
    </ClCompile>
    <ClCompile Include="src\characters\cha\cha_sprite_rect_reset.c">
      <Filter>Fichiers sources</Filter>
    </ClCompile>
    <ClCompile Include="src\characters\cha\cha_var.c">
      <Filter>Fichiers sources</Filter>
    </ClCompile>
    <ClCompile Include="src\characters\dio\dio_create_sprite.c">
      <Filter>Fichiers sources</Filter>
    </ClCompile>
    <ClCompile Include="src\characters\dio\dio_display.c">
      <Filter>Fichiers sources</Filter>
    </ClCompile>
    <ClCompile Include="src\characters\dio\dio_rect.c">
      <Filter>Fichiers sources</Filter>
    </ClCompile>
    <ClCompile Include="src\characters\dio\dio_sprite_gestion.c">
      <Filter>Fichiers sources</Filter>
    </ClCompile>
    <ClCompile Include="src\characters\dio\dio_sprite_rect.c">
      <Filter>Fichiers sources</Filter>
    </ClCompile>
    <ClCompile Include="src\characters\dio\dio_sprite_rect_reset.c">
      <Filter>Fichiers sources</Filter>
    </ClCompile>
    <ClCompile Include="src\characters\dio\dio_var.c">
      <Filter>Fichiers sources</Filter>
    </ClCompile>
    <ClCompile Include="src\characters\hol\hol_create_sprite.c">
      <Filter>Fichiers sources</Filter>
    </ClCompile>
    <ClCompile Include="src\characters\hol\hol_display.c">
      <Filter>Fichiers sources</Filter>
    </ClCompile>
    <ClCompile Include="src\characters\hol\hol_rect.c">
      <Filter>Fichiers sources</Filter>
    </ClCompile>
    <ClCompile Include="src\characters\hol\hol_sprite_gestion.c">
      <Filter>Fichiers sources</Filter>
    </ClCompile>
    <ClCompile Include="src\characters\hol\hol_sprite_rect.c">
      <Filter>Fichiers sources</Filter>
    </ClCompile>
    <ClCompile Include="src\characters\hol\hol_sprite_rect_reset.c">
      <Filter>Fichiers sources</Filter>
    </ClCompile>
    <ClCompile Include="src\characters\hol\hol_var.c">
      <Filter>Fichiers sources</Filter>
    </ClCompile>
    <ClCompile Include="src\characters\ice\door2_display.c">
      <Filter>Fichiers sources</Filter>
    </ClCompile>
    <ClCompile Include="src\characters\ice\ice_create_sprite.c">
      <Filter>Fichiers sources</Filter>
    </ClCompile>
    <ClCompile Include="src\characters\ice\ice_display.c">
      <Filter>Fichiers sources</Filter>
    </ClCompile>
    <ClCompile Include="src\characters\ice\ice_rect.c">
      <Filter>Fichiers sources</Filter>
    </ClCompile>
    <ClCompile Include="src\characters\ice\ice_sprite_gestion.c">
      <Filter>Fichiers sources</Filter>
    </ClCompile>
    <ClCompile Include="src\characters\ice\ice_sprite_rect.c">
      <Filter>Fichiers sources</Filter>
    </ClCompile>
    <ClCompile Include="src\characters\ice\ice_sprite_rect_reset.c">
      <Filter>Fichiers sources</Filter>
    </ClCompile>
    <ClCompile Include="src\characters\ice\ice_var.c">
      <Filter>Fichiers sources</Filter>
    </ClCompile>
    <ClCompile Include="src\characters\joseph\jo_create_sprite.c">
      <Filter>Fichiers sources</Filter>
    </ClCompile>
    <ClCompile Include="src\characters\joseph\jo_display.c">
      <Filter>Fichiers sources</Filter>
    </ClCompile>
    <ClCompile Include="src\characters\joseph\jo_rect.c">
      <Filter>Fichiers sources</Filter>
    </ClCompile>
    <ClCompile Include="src\characters\joseph\jo_sprite_gestion.c">
      <Filter>Fichiers sources</Filter>
    </ClCompile>
    <ClCompile Include="src\characters\joseph\jo_sprite_rect.c">
      <Filter>Fichiers sources</Filter>
    </ClCompile>
    <ClCompile Include="src\characters\joseph\jo_var.c">
      <Filter>Fichiers sources</Filter>
    </ClCompile>
    <ClCompile Include="src\characters\jotaro\stats\stats_create_sprite.c">
      <Filter>Fichiers sources</Filter>
    </ClCompile>
    <ClCompile Include="src\characters\jotaro\stats\stats_create_text.c">
      <Filter>Fichiers sources</Filter>
    </ClCompile>
    <ClCompile Include="src\characters\jotaro\stats\stats_display.c">
      <Filter>Fichiers sources</Filter>
    </ClCompile>
    <ClCompile Include="src\characters\jotaro\stats\stats_gestion.c">
      <Filter>Fichiers sources</Filter>
    </ClCompile>
    <ClCompile Include="src\characters\jotaro\stats\stats_var.c">
      <Filter>Fichiers sources</Filter>
    </ClCompile>
    <ClCompile Include="src\characters\jotaro\jotaro_create_sprite.c">
      <Filter>Fichiers sources</Filter>
    </ClCompile>
    <ClCompile Include="src\characters\jotaro\jotaro_display.c">
      <Filter>Fichiers sources</Filter>
    </ClCompile>
    <ClCompile Include="src\characters\jotaro\jotaro_rect.c">
      <Filter>Fichiers sources</Filter>
    </ClCompile>
    <ClCompile Include="src\characters\jotaro\jotaro_reset_position.c">
      <Filter>Fichiers sources</Filter>
    </ClCompile>
    <ClCompile Include="src\characters\jotaro\jotaro_sprite_gestion.c">
      <Filter>Fichiers sources</Filter>
    </ClCompile>
    <ClCompile Include="src\characters\jotaro\jotaro_sprite_rect.c">
      <Filter>Fichiers sources</Filter>
    </ClCompile>
    <ClCompile Include="src\characters\jotaro\jotaro_sprite_rect_reset.c">
      <Filter>Fichiers sources</Filter>
    </ClCompile>
    <ClCompile Include="src\characters\jotaro\jotaro_sprite_rect_walk.c">
      <Filter>Fichiers sources</Filter>
    </ClCompile>
    <ClCompile Include="src\characters\jotaro\jotaro_var.c">
      <Filter>Fichiers sources</Filter>
    </ClCompile>
    <ClCompile Include="src\characters\kakyo\kak_create_sprite.c">
      <Filter>Fichiers sources</Filter>
    </ClCompile>
    <ClCompile Include="src\characters\kakyo\kak_display.c">
      <Filter>Fichiers sources</Filter>
    </ClCompile>
    <ClCompile Include="src\characters\kakyo\kak_rect.c">
      <Filter>Fichiers sources</Filter>
    </ClCompile>
    <ClCompile Include="src\characters\kakyo\kak_sprite_gestion.c">
      <Filter>Fichiers sources</Filter>
    </ClCompile>
    <ClCompile Include="src\characters\kakyo\kak_sprite_rect.c">
      <Filter>Fichiers sources</Filter>
    </ClCompile>
    <ClCompile Include="src\characters\kakyo\kak_var.c">
      <Filter>Fichiers sources</Filter>
    </ClCompile>
    <ClCompile Include="src\characters\kan\kan_create_sprite.c">
      <Filter>Fichiers sources</Filter>
    </ClCompile>
    <ClCompile Include="src\characters\kan\kan_display.c">
      <Filter>Fichiers sources</Filter>
    </ClCompile>
    <ClCompile Include="src\characters\kan\kan_rect.c">
      <Filter>Fichiers sources</Filter>
    </ClCompile>
    <ClCompile Include="src\characters\kan\kan_sprite_gestion.c">
      <Filter>Fichiers sources</Filter>
    </ClCompile>
    <ClCompile Include="src\characters\kan\kan_sprite_rect.c">
      <Filter>Fichiers sources</Filter>
    </ClCompile>
    <ClCompile Include="src\characters\kan\kan_sprite_rect_reset.c">
      <Filter>Fichiers sources</Filter>
    </ClCompile>
    <ClCompile Include="src\characters\kan\kan_var.c">
      <Filter>Fichiers sources</Filter>
    </ClCompile>
    <ClCompile Include="src\characters\mar\mar_create_sprite.c">
      <Filter>Fichiers sources</Filter>
    </ClCompile>
    <ClCompile Include="src\characters\mar\mar_display.c">
      <Filter>Fichiers sources</Filter>
    </ClCompile>
    <ClCompile Include="src\characters\mar\mar_rect.c">
      <Filter>Fichiers sources</Filter>
    </ClCompile>
    <ClCompile Include="src\characters\mar\mar_sprite_gestion.c">
      <Filter>Fichiers sources</Filter>
    </ClCompile>
    <ClCompile Include="src\characters\mar\mar_sprite_rect.c">
      <Filter>Fichiers sources</Filter>
    </ClCompile>
    <ClCompile Include="src\characters\mar\mar_sprite_rect_reset.c">
      <Filter>Fichiers sources</Filter>
    </ClCompile>
    <ClCompile Include="src\characters\mar\mar_var.c">
      <Filter>Fichiers sources</Filter>
    </ClCompile>
    <ClCompile Include="src\characters\mid\mid_create_sprite.c">
      <Filter>Fichiers sources</Filter>
    </ClCompile>
    <ClCompile Include="src\characters\mid\mid_display.c">
      <Filter>Fichiers sources</Filter>
    </ClCompile>
    <ClCompile Include="src\characters\mid\mid_rect.c">
      <Filter>Fichiers sources</Filter>
    </ClCompile>
    <ClCompile Include="src\characters\mid\mid_sprite_gestion.c">
      <Filter>Fichiers sources</Filter>
    </ClCompile>
    <ClCompile Include="src\characters\mid\mid_sprite_rect.c">
      <Filter>Fichiers sources</Filter>
    </ClCompile>
    <ClCompile Include="src\characters\mid\mid_sprite_rect_reset.c">
      <Filter>Fichiers sources</Filter>
    </ClCompile>
    <ClCompile Include="src\characters\mid\mid_var.c">
      <Filter>Fichiers sources</Filter>
    </ClCompile>
    <ClCompile Include="src\characters\pol\pol_create_sprite.c">
      <Filter>Fichiers sources</Filter>
    </ClCompile>
    <ClCompile Include="src\characters\pol\pol_display.c">
      <Filter>Fichiers sources</Filter>
    </ClCompile>
    <ClCompile Include="src\characters\pol\pol_rect.c">
      <Filter>Fichiers sources</Filter>
    </ClCompile>
    <ClCompile Include="src\characters\pol\pol_sprite_gestion.c">
      <Filter>Fichiers sources</Filter>
    </ClCompile>
    <ClCompile Include="src\characters\pol\pol_sprite_rect.c">
      <Filter>Fichiers sources</Filter>
    </ClCompile>
    <ClCompile Include="src\characters\pol\pol_var.c">
      <Filter>Fichiers sources</Filter>
    </ClCompile>
    <ClCompile Include="src\create\create_all.c">
      <Filter>Fichiers sources</Filter>
    </ClCompile>
    <ClCompile Include="src\create\create_all_char.c">
      <Filter>Fichiers sources</Filter>
    </ClCompile>
    <ClCompile Include="src\create\create_all_char2.c">
      <Filter>Fichiers sources</Filter>
    </ClCompile>
    <ClCompile Include="src\create\create_all2.c">
      <Filter>Fichiers sources</Filter>
    </ClCompile>
    <ClCompile Include="src\create\create_clock.c">
      <Filter>Fichiers sources</Filter>
    </ClCompile>
    <ClCompile Include="src\create\create_music.c">
      <Filter>Fichiers sources</Filter>
    </ClCompile>
    <ClCompile Include="src\create\start_window.c">
      <Filter>Fichiers sources</Filter>
    </ClCompile>
    <ClCompile Include="src\create\variables.c">
      <Filter>Fichiers sources</Filter>
    </ClCompile>
    <ClCompile Include="src\dialogues\cha_dial.c">
      <Filter>Fichiers sources</Filter>
    </ClCompile>
    <ClCompile Include="src\dialogues\dial_sprite_creation.c">
      <Filter>Fichiers sources</Filter>
    </ClCompile>
    <ClCompile Include="src\dialogues\dial_sprite_creation2.c">
      <Filter>Fichiers sources</Filter>
    </ClCompile>
    <ClCompile Include="src\dialogues\dial_var.c">
      <Filter>Fichiers sources</Filter>
    </ClCompile>
    <ClCompile Include="src\dialogues\dialogues.c">
      <Filter>Fichiers sources</Filter>
    </ClCompile>
    <ClCompile Include="src\dialogues\dialogues_display.c">
      <Filter>Fichiers sources</Filter>
    </ClCompile>
    <ClCompile Include="src\dialogues\dio_dial.c">
      <Filter>Fichiers sources</Filter>
    </ClCompile>
    <ClCompile Include="src\dialogues\hol_dial.c">
      <Filter>Fichiers sources</Filter>
    </ClCompile>
    <ClCompile Include="src\dialogues\ice_dial.c">
      <Filter>Fichiers sources</Filter>
    </ClCompile>
    <ClCompile Include="src\dialogues\joseph_dial.c">
      <Filter>Fichiers sources</Filter>
    </ClCompile>
    <ClCompile Include="src\dialogues\kakyo_dial.c">
      <Filter>Fichiers sources</Filter>
    </ClCompile>
    <ClCompile Include="src\dialogues\kan_dial.c">
      <Filter>Fichiers sources</Filter>
    </ClCompile>
    <ClCompile Include="src\dialogues\mar_dial.c">
      <Filter>Fichiers sources</Filter>
    </ClCompile>
    <ClCompile Include="src\dialogues\mid_dial.c">
      <Filter>Fichiers sources</Filter>
    </ClCompile>
    <ClCompile Include="src\dialogues\pol_dial.c">
      <Filter>Fichiers sources</Filter>
    </ClCompile>
    <ClCompile Include="src\dialogues\pol_dial_2.c">
      <Filter>Fichiers sources</Filter>
    </ClCompile>
    <ClCompile Include="src\display\display.c">
      <Filter>Fichiers sources</Filter>
    </ClCompile>
    <ClCompile Include="src\display\display_fight.c">
      <Filter>Fichiers sources</Filter>
    </ClCompile>
    <ClCompile Include="src\env\env_create_sprite.c">
      <Filter>Fichiers sources</Filter>
    </ClCompile>
    <ClCompile Include="src\env\env_gestion.c">
      <Filter>Fichiers sources</Filter>
    </ClCompile>
    <ClCompile Include="src\env\env_put_textures.c">
      <Filter>Fichiers sources</Filter>
    </ClCompile>
    <ClCompile Include="src\events\events.c">
      <Filter>Fichiers sources</Filter>
    </ClCompile>
    <ClCompile Include="src\events\user_inputs_events.c">
      <Filter>Fichiers sources</Filter>
    </ClCompile>
    <ClCompile Include="src\fights\life\life.c">
      <Filter>Fichiers sources</Filter>
    </ClCompile>
    <ClCompile Include="src\fights\fail_qte.c">
      <Filter>Fichiers sources</Filter>
    </ClCompile>
    <ClCompile Include="src\fights\fight_quit.c">
      <Filter>Fichiers sources</Filter>
    </ClCompile>
    <ClCompile Include="src\fights\fights_interactions.c">
      <Filter>Fichiers sources</Filter>
    </ClCompile>
    <ClCompile Include="src\fights\qte_actions.c">
      <Filter>Fichiers sources</Filter>
    </ClCompile>
    <ClCompile Include="src\fights\qte_spe.c">
      <Filter>Fichiers sources</Filter>
    </ClCompile>
    <ClCompile Include="src\fights\vs_cha.c">
      <Filter>Fichiers sources</Filter>
    </ClCompile>
    <ClCompile Include="src\fights\vs_dio.c">
      <Filter>Fichiers sources</Filter>
    </ClCompile>
    <ClCompile Include="src\fights\vs_hol.c">
      <Filter>Fichiers sources</Filter>
    </ClCompile>
    <ClCompile Include="src\fights\vs_ice.c">
      <Filter>Fichiers sources</Filter>
    </ClCompile>
    <ClCompile Include="src\fights\vs_joseph.c">
      <Filter>Fichiers sources</Filter>
    </ClCompile>
    <ClCompile Include="src\fights\vs_kakyo.c">
      <Filter>Fichiers sources</Filter>
    </ClCompile>
    <ClCompile Include="src\fights\vs_kan.c">
      <Filter>Fichiers sources</Filter>
    </ClCompile>
    <ClCompile Include="src\fights\vs_mar.c">
      <Filter>Fichiers sources</Filter>
    </ClCompile>
    <ClCompile Include="src\fights\vs_mid.c">
      <Filter>Fichiers sources</Filter>
    </ClCompile>
    <ClCompile Include="src\fights\vs_pol.c">
      <Filter>Fichiers sources</Filter>
    </ClCompile>
    <ClCompile Include="src\hud\fight\explo_sprite_gestion.c">
      <Filter>Fichiers sources</Filter>
    </ClCompile>
    <ClCompile Include="src\hud\fight\fight_display_items.c">
      <Filter>Fichiers sources</Filter>
    </ClCompile>
    <ClCompile Include="src\hud\fight\fight_items_interactions.c">
      <Filter>Fichiers sources</Filter>
    </ClCompile>
    <ClCompile Include="src\hud\fight\fight_items_reset.c">
      <Filter>Fichiers sources</Filter>
    </ClCompile>
    <ClCompile Include="src\hud\fight\hud_fight_create_sprite.c">
      <Filter>Fichiers sources</Filter>
    </ClCompile>
    <ClCompile Include="src\hud\fight\hud_fight_create_sprite_2.c">
      <Filter>Fichiers sources</Filter>
    </ClCompile>
    <ClCompile Include="src\hud\fight\hud_fight_create_txt.c">
      <Filter>Fichiers sources</Filter>
    </ClCompile>
    <ClCompile Include="src\hud\fight\hud_fight_create_txt_2.c">
      <Filter>Fichiers sources</Filter>
    </ClCompile>
    <ClCompile Include="src\hud\fight\hud_fight_sprite_gestion.c">
      <Filter>Fichiers sources</Filter>
    </ClCompile>
    <ClCompile Include="src\hud\fight\hud_fight_var.c">
      <Filter>Fichiers sources</Filter>
    </ClCompile>
    <ClCompile Include="src\hud\fight\hud_fight_var_2.c">
      <Filter>Fichiers sources</Filter>
    </ClCompile>
    <ClCompile Include="src\hud\inventory\inventory_create_sprite.c">
      <Filter>Fichiers sources</Filter>
    </ClCompile>
    <ClCompile Include="src\hud\inventory\inventory_display.c">
      <Filter>Fichiers sources</Filter>
    </ClCompile>
    <ClCompile Include="src\hud\inventory\inventory_interactions.c">
      <Filter>Fichiers sources</Filter>
    </ClCompile>
    <ClCompile Include="src\hud\inventory\inventory_var.c">
      <Filter>Fichiers sources</Filter>
    </ClCompile>
    <ClCompile Include="src\hud\other\hud_other_create_sprite.c">
      <Filter>Fichiers sources</Filter>
    </ClCompile>
    <ClCompile Include="src\hud\other\hud_other_var.c">
      <Filter>Fichiers sources</Filter>
    </ClCompile>
    <ClCompile Include="src\hud\quests\quests_create_sprite.c">
      <Filter>Fichiers sources</Filter>
    </ClCompile>
    <ClCompile Include="src\hud\quests\quests_display.c">
      <Filter>Fichiers sources</Filter>
    </ClCompile>
    <ClCompile Include="src\hud\quests\quests_interactions.c">
      <Filter>Fichiers sources</Filter>
    </ClCompile>
    <ClCompile Include="src\hud\quests\quests_var.c">
      <Filter>Fichiers sources</Filter>
    </ClCompile>
    <ClCompile Include="src\items\items_create_sprite.c">
      <Filter>Fichiers sources</Filter>
    </ClCompile>
    <ClCompile Include="src\items\items_display.c">
      <Filter>Fichiers sources</Filter>
    </ClCompile>
    <ClCompile Include="src\items\items_interactions.c">
      <Filter>Fichiers sources</Filter>
    </ClCompile>
    <ClCompile Include="src\items\items_var.c">
      <Filter>Fichiers sources</Filter>
    </ClCompile>
    <ClCompile Include="src\menu\buttons.c">
      <Filter>Fichiers sources</Filter>
    </ClCompile>
    <ClCompile Include="src\menu\create_sprite_menu.c">
      <Filter>Fichiers sources</Filter>
    </ClCompile>
    <ClCompile Include="src\menu\create_sprite_menu_2.c">
      <Filter>Fichiers sources</Filter>
    </ClCompile>
    <ClCompile Include="src\menu\menu.c">
      <Filter>Fichiers sources</Filter>
    </ClCompile>
    <ClCompile Include="src\menu\menu_display.c">
      <Filter>Fichiers sources</Filter>
    </ClCompile>
    <ClCompile Include="src\menu\over_buttons.c">
      <Filter>Fichiers sources</Filter>
    </ClCompile>
    <ClCompile Include="src\menu\pause_game.c">
      <Filter>Fichiers sources</Filter>
    </ClCompile>
    <ClCompile Include="src\menu\pressed_buttons.c">
      <Filter>Fichiers sources</Filter>
    </ClCompile>
    <ClCompile Include="src\menu\variables_menu.c">
      <Filter>Fichiers sources</Filter>
    </ClCompile>
    <ClCompile Include="src\sprite_gestion\sprite_gestion.c">
      <Filter>Fichiers sources</Filter>
    </ClCompile>
    <ClCompile Include="src\tools\destroy.c">
      <Filter>Fichiers sources</Filter>
    </ClCompile>
    <ClCompile Include="src\main.c">
      <Filter>Fichiers sources</Filter>
    </ClCompile>
    <ClCompile Include="src\rpg.c">
      <Filter>Fichiers sources</Filter>
    </ClCompile>
    <ClCompile Include="lib\my\my_convert_char_int.c">
      <Filter>Fichiers sources</Filter>
    </ClCompile>
    <ClCompile Include="lib\my\my_getnbr.c">
      <Filter>Fichiers sources</Filter>
    </ClCompile>
    <ClCompile Include="lib\my\my_getnbr_base.c">
      <Filter>Fichiers sources</Filter>
    </ClCompile>
    <ClCompile Include="lib\my\my_itoa.c">
      <Filter>Fichiers sources</Filter>
    </ClCompile>
    <ClCompile Include="lib\my\my_memset.c">
      <Filter>Fichiers sources</Filter>
    </ClCompile>
    <ClCompile Include="lib\my\my_put_nbr.c">
      <Filter>Fichiers sources</Filter>
    </ClCompile>
    <ClCompile Include="lib\my\my_putchar.c">
      <Filter>Fichiers sources</Filter>
    </ClCompile>
    <ClCompile Include="lib\my\my_putstr.c">
      <Filter>Fichiers sources</Filter>
    </ClCompile>
    <ClCompile Include="lib\my\my_revstr.c">
      <Filter>Fichiers sources</Filter>
    </ClCompile>
    <ClCompile Include="lib\my\my_str_to_wordtab.c">
      <Filter>Fichiers sources</Filter>
    </ClCompile>
    <ClCompile Include="lib\my\my_strcat.c">
      <Filter>Fichiers sources</Filter>
    </ClCompile>
    <ClCompile Include="lib\my\my_strcmp.c">
      <Filter>Fichiers sources</Filter>
    </ClCompile>
    <ClCompile Include="lib\my\my_strcpy.c">
      <Filter>Fichiers sources</Filter>
    </ClCompile>
    <ClCompile Include="lib\my\my_strlen.c">
      <Filter>Fichiers sources</Filter>
    </ClCompile>
    <ClCompile Include="lib\my\my_strncmp.c">
      <Filter>Fichiers sources</Filter>
    </ClCompile>
    <ClCompile Include="lib\my\my_strncpy.c">
      <Filter>Fichiers sources</Filter>
    </ClCompile>
  </ItemGroup>
  <ItemGroup>
    <ClInclude Include="include\lib.h">
      <Filter>Fichiers d%27en-tête</Filter>
    </ClInclude>
    <ClInclude Include="include\my_rpg.h">
      <Filter>Fichiers d%27en-tête</Filter>
    </ClInclude>
    <ClInclude Include="lib\my\lib.h">
      <Filter>Fichiers d%27en-tête</Filter>
    </ClInclude>
  </ItemGroup>
</Project>